
Microsoft Visual Studio Solution File, Format Version 12.00
# Visual Studio 15
VisualStudioVersion = 15.0.28307.438
MinimumVisualStudioVersion = 10.0.40219.1
Project("{FAE04EC0-301F-11D3-BF4B-00C04F79EFBC}") = "DZIgorPS(10)", "DZIgorPS(10)\DZIgorPS(10).csproj", "{81BD03E2-D7F0-49F8-B0FC-E8E3B5492D37}"
EndProject
Global
	GlobalSection(SolutionConfigurationPlatforms) = preSolution
		Debug|Any CPU = Debug|Any CPU
		Release|Any CPU = Release|Any CPU
	EndGlobalSection
	GlobalSection(ProjectConfigurationPlatforms) = postSolution
		{81BD03E2-D7F0-49F8-B0FC-E8E3B5492D37}.Debug|Any CPU.ActiveCfg = Debug|Any CPU
		{81BD03E2-D7F0-49F8-B0FC-E8E3B5492D37}.Debug|Any CPU.Build.0 = Debug|Any CPU
		{81BD03E2-D7F0-49F8-B0FC-E8E3B5492D37}.Release|Any CPU.ActiveCfg = Release|Any CPU
		{81BD03E2-D7F0-49F8-B0FC-E8E3B5492D37}.Release|Any CPU.Build.0 = Release|Any CPU
	EndGlobalSection
	GlobalSection(SolutionProperties) = preSolution
		HideSolutionNode = FALSE
	EndGlobalSection
	GlobalSection(ExtensibilityGlobals) = postSolution
		SolutionGuid = {FFDA66A1-86A8-4251-8F5A-5D52B26876B9}
	EndGlobalSection
EndGlobal
