
Microsoft Visual Studio Solution File, Format Version 12.00
# Visual Studio 15
VisualStudioVersion = 15.0.28307.438
MinimumVisualStudioVersion = 10.0.40219.1
Project("{FAE04EC0-301F-11D3-BF4B-00C04F79EFBC}") = "DZIgorPS(3)", "DZIgorPS(3)\DZIgorPS(3).csproj", "{B120DA91-99FE-4861-95B0-0A1799F7E26A}"
EndProject
Global
	GlobalSection(SolutionConfigurationPlatforms) = preSolution
		Debug|Any CPU = Debug|Any CPU
		Release|Any CPU = Release|Any CPU
	EndGlobalSection
	GlobalSection(ProjectConfigurationPlatforms) = postSolution
		{B120DA91-99FE-4861-95B0-0A1799F7E26A}.Debug|Any CPU.ActiveCfg = Debug|Any CPU
		{B120DA91-99FE-4861-95B0-0A1799F7E26A}.Debug|Any CPU.Build.0 = Debug|Any CPU
		{B120DA91-99FE-4861-95B0-0A1799F7E26A}.Release|Any CPU.ActiveCfg = Release|Any CPU
		{B120DA91-99FE-4861-95B0-0A1799F7E26A}.Release|Any CPU.Build.0 = Release|Any CPU
	EndGlobalSection
	GlobalSection(SolutionProperties) = preSolution
		HideSolutionNode = FALSE
	EndGlobalSection
	GlobalSection(ExtensibilityGlobals) = postSolution
		SolutionGuid = {3474FB0B-3362-4EBB-A4A0-EAFB2CDA6B1B}
	EndGlobalSection
EndGlobal
