
Microsoft Visual Studio Solution File, Format Version 11.00
# Visual Studio 2010
Project("{8BC9CEB8-8B4A-11D0-8D11-00A0C91BC942}") = "DZIgor(26)Ban", "DZIgor(26)Ban\DZIgor(26)Ban.vcxproj", "{37CF3451-5BB2-44E7-9DCD-3D660CB709A1}"
EndProject
Global
	GlobalSection(SolutionConfigurationPlatforms) = preSolution
		Debug|Win32 = Debug|Win32
		Release|Win32 = Release|Win32
	EndGlobalSection
	GlobalSection(ProjectConfigurationPlatforms) = postSolution
		{37CF3451-5BB2-44E7-9DCD-3D660CB709A1}.Debug|Win32.ActiveCfg = Debug|Win32
		{37CF3451-5BB2-44E7-9DCD-3D660CB709A1}.Debug|Win32.Build.0 = Debug|Win32
		{37CF3451-5BB2-44E7-9DCD-3D660CB709A1}.Release|Win32.ActiveCfg = Release|Win32
		{37CF3451-5BB2-44E7-9DCD-3D660CB709A1}.Release|Win32.Build.0 = Release|Win32
	EndGlobalSection
	GlobalSection(SolutionProperties) = preSolution
		HideSolutionNode = FALSE
	EndGlobalSection
EndGlobal
