
Microsoft Visual Studio Solution File, Format Version 12.00
# Visual Studio 15
VisualStudioVersion = 15.0.28307.438
MinimumVisualStudioVersion = 10.0.40219.1
Project("{FAE04EC0-301F-11D3-BF4B-00C04F79EFBC}") = "DZIgorPS(4)", "DZIgorPS(4)\DZIgorPS(4).csproj", "{79226B63-C6FF-4F68-9E06-30B9EC678842}"
EndProject
Global
	GlobalSection(SolutionConfigurationPlatforms) = preSolution
		Debug|Any CPU = Debug|Any CPU
		Release|Any CPU = Release|Any CPU
	EndGlobalSection
	GlobalSection(ProjectConfigurationPlatforms) = postSolution
		{79226B63-C6FF-4F68-9E06-30B9EC678842}.Debug|Any CPU.ActiveCfg = Debug|Any CPU
		{79226B63-C6FF-4F68-9E06-30B9EC678842}.Debug|Any CPU.Build.0 = Debug|Any CPU
		{79226B63-C6FF-4F68-9E06-30B9EC678842}.Release|Any CPU.ActiveCfg = Release|Any CPU
		{79226B63-C6FF-4F68-9E06-30B9EC678842}.Release|Any CPU.Build.0 = Release|Any CPU
	EndGlobalSection
	GlobalSection(SolutionProperties) = preSolution
		HideSolutionNode = FALSE
	EndGlobalSection
	GlobalSection(ExtensibilityGlobals) = postSolution
		SolutionGuid = {5E7847AC-ACB7-41DB-83B0-F0272C3CACF3}
	EndGlobalSection
EndGlobal
