
Microsoft Visual Studio Solution File, Format Version 12.00
# Visual Studio 15
VisualStudioVersion = 15.0.28307.102
MinimumVisualStudioVersion = 10.0.40219.1
Project("{8BC9CEB8-8B4A-11D0-8D11-00A0C91BC942}") = "DZIgorPatern(3)", "DZIgorPatern(3)\DZIgorPatern(3).vcxproj", "{00CECACA-0C8D-49B3-9CBF-150EA0F7CC5D}"
EndProject
Global
	GlobalSection(SolutionConfigurationPlatforms) = preSolution
		Debug|x64 = Debug|x64
		Debug|x86 = Debug|x86
		Release|x64 = Release|x64
		Release|x86 = Release|x86
	EndGlobalSection
	GlobalSection(ProjectConfigurationPlatforms) = postSolution
		{00CECACA-0C8D-49B3-9CBF-150EA0F7CC5D}.Debug|x64.ActiveCfg = Debug|x64
		{00CECACA-0C8D-49B3-9CBF-150EA0F7CC5D}.Debug|x64.Build.0 = Debug|x64
		{00CECACA-0C8D-49B3-9CBF-150EA0F7CC5D}.Debug|x86.ActiveCfg = Debug|Win32
		{00CECACA-0C8D-49B3-9CBF-150EA0F7CC5D}.Debug|x86.Build.0 = Debug|Win32
		{00CECACA-0C8D-49B3-9CBF-150EA0F7CC5D}.Release|x64.ActiveCfg = Release|x64
		{00CECACA-0C8D-49B3-9CBF-150EA0F7CC5D}.Release|x64.Build.0 = Release|x64
		{00CECACA-0C8D-49B3-9CBF-150EA0F7CC5D}.Release|x86.ActiveCfg = Release|Win32
		{00CECACA-0C8D-49B3-9CBF-150EA0F7CC5D}.Release|x86.Build.0 = Release|Win32
	EndGlobalSection
	GlobalSection(SolutionProperties) = preSolution
		HideSolutionNode = FALSE
	EndGlobalSection
	GlobalSection(ExtensibilityGlobals) = postSolution
		SolutionGuid = {C57CC70A-BE52-47EF-99F3-0079257BEBDF}
	EndGlobalSection
EndGlobal
